{
  "name": "web-fi-js",
  "version": "1.0.0",
  "lockfileVersion": 1,
  "requires": true,
  "dependencies": {
    "@types/datatables.net": {
      "version": "1.10.9",
      "resolved": "https://registry.npmjs.org/@types/datatables.net/-/datatables.net-1.10.9.tgz",
      "integrity": "sha512-5u0GSoNxOEzGlTw+HitASQBq7AK5c2I5yUAMibBxqsZ7evp/NdmBQh2ddIVEQ9LH9y23D93Ufjy/eYQKRqg8VA==",
      "dev": true,
      "requires": {
        "@types/jquery": "3.3.1"
      }
    },
    "@types/jquery": {
      "version": "3.3.1",
      "resolved": "https://registry.npmjs.org/@types/jquery/-/jquery-3.3.1.tgz",
      "integrity": "sha512-N3h+rzN518yl2xKrW0o6KKdNmWZ+OwG6SoM5TBEQFF0tTv5wXPEsoOuYQ2Kt3/89XbcSZUJLdjiT/2c3BR/ApQ==",
      "dev": true
    },
    "@types/systemjs": {
      "version": "0.20.6",
      "resolved": "https://registry.npmjs.org/@types/systemjs/-/systemjs-0.20.6.tgz",
      "integrity": "sha512-p3yv9sBBJXi3noUG216BpUI7VtVBUAvBIfZNTiDROUY31YBfsFHM4DreS7XMekN8IjtX0ysvCnm6r3WnirnNeA==",
      "dev": true
    }
  }
}
